
Microsoft Visual Studio Solution File, Format Version 12.00
Project("{FAE04EC0-301F-11D3-BF4B-00C04F79EFBC}") = "FootballStats.Api", "FootballStats.Api\FootballStats.Api.csproj", "{7ED60B7B-FD30-4A8F-94DB-440C17324742}"
EndProject
Global
	GlobalSection(SolutionConfigurationPlatforms) = preSolution
		Debug|Any CPU = Debug|Any CPU
		Release|Any CPU = Release|Any CPU
	EndGlobalSection
	GlobalSection(ProjectConfigurationPlatforms) = postSolution
		{7ED60B7B-FD30-4A8F-94DB-440C17324742}.Debug|Any CPU.ActiveCfg = Debug|Any CPU
		{7ED60B7B-FD30-4A8F-94DB-440C17324742}.Debug|Any CPU.Build.0 = Debug|Any CPU
		{7ED60B7B-FD30-4A8F-94DB-440C17324742}.Release|Any CPU.ActiveCfg = Release|Any CPU
		{7ED60B7B-FD30-4A8F-94DB-440C17324742}.Release|Any CPU.Build.0 = Release|Any CPU
	EndGlobalSection
EndGlobal
